{
  "name": "20-wordTally CLI app",
  "lockfileVersion": 3,
  "requires": true,
  "packages": {
    "": {
      "dependencies": {
        "aha-wordtally": "^1.0.0"
      }
    },
    "node_modules/aha-wordtally": {
      "version": "1.0.0",
      "resolved": "https://registry.npmjs.org/aha-wordtally/-/aha-wordtally-1.0.0.tgz",
      "integrity": "sha512-20U3BwTuYxMBSNcIhCoPjzMahKbPzF5k/27kK5TLTjQLg2AfeUFpvoa8tMcXVpjAzb0tAz2YU1bpgt4VZSxQ8Q==",
      "license": "ISC"
    }
  }
}
